
Microsoft Visual Studio Solution File, Format Version 12.00
# Visual Studio Version 17
Project("{8BC9CEB8-8B4A-11D0-8D11-00A0C91BC942}") = "ALL_BUILD", "ALL_BUILD.vcxproj", "{FA46EDC9-3685-3BB5-B5FE-3810D7DD2EC7}"
	ProjectSection(ProjectDependencies) = postProject
		{795B5F4D-DD92-35B7-9043-B83ECB1BA43A} = {795B5F4D-DD92-35B7-9043-B83ECB1BA43A}
		{4C605809-A2E7-34FE-BB65-6FF375BC44E0} = {4C605809-A2E7-34FE-BB65-6FF375BC44E0}
		{AF035910-68B5-3AC9-9993-BE90CD16F38A} = {AF035910-68B5-3AC9-9993-BE90CD16F38A}
		{74513DED-2364-33D0-846E-6C7628A81563} = {74513DED-2364-33D0-846E-6C7628A81563}
		{37D8063E-EC72-39BD-B615-18A20E2E093E} = {37D8063E-EC72-39BD-B615-18A20E2E093E}
		{D93826B1-E521-334D-A737-291FA761AEEE} = {D93826B1-E521-334D-A737-291FA761AEEE}
		{76C08E4E-3640-31D6-9F80-A8828B555926} = {76C08E4E-3640-31D6-9F80-A8828B555926}
		{F5DB5C20-6CE5-3BEC-8C27-ECBC225B2A29} = {F5DB5C20-6CE5-3BEC-8C27-ECBC225B2A29}
	EndProjectSection
EndProject
Project("{8BC9CEB8-8B4A-11D0-8D11-00A0C91BC942}") = "RUN_TESTS", "RUN_TESTS.vcxproj", "{0693A7DB-EDE8-36F4-B91B-8CBF7DD5E7DC}"
	ProjectSection(ProjectDependencies) = postProject
		{795B5F4D-DD92-35B7-9043-B83ECB1BA43A} = {795B5F4D-DD92-35B7-9043-B83ECB1BA43A}
	EndProjectSection
EndProject
Project("{8BC9CEB8-8B4A-11D0-8D11-00A0C91BC942}") = "ZERO_CHECK", "ZERO_CHECK.vcxproj", "{795B5F4D-DD92-35B7-9043-B83ECB1BA43A}"
	ProjectSection(ProjectDependencies) = postProject
	EndProjectSection
EndProject
Project("{8BC9CEB8-8B4A-11D0-8D11-00A0C91BC942}") = "benchmark_latency", "tests\benchmark_latency.vcxproj", "{4C605809-A2E7-34FE-BB65-6FF375BC44E0}"
	ProjectSection(ProjectDependencies) = postProject
		{795B5F4D-DD92-35B7-9043-B83ECB1BA43A} = {795B5F4D-DD92-35B7-9043-B83ECB1BA43A}
	EndProjectSection
EndProject
Project("{8BC9CEB8-8B4A-11D0-8D11-00A0C91BC942}") = "sage_ade", "src\ade\sage_ade.vcxproj", "{AF035910-68B5-3AC9-9993-BE90CD16F38A}"
	ProjectSection(ProjectDependencies) = postProject
		{795B5F4D-DD92-35B7-9043-B83ECB1BA43A} = {795B5F4D-DD92-35B7-9043-B83ECB1BA43A}
	EndProjectSection
EndProject
Project("{8BC9CEB8-8B4A-11D0-8D11-00A0C91BC942}") = "sage_cal", "src\cal\sage_cal.vcxproj", "{74513DED-2364-33D0-846E-6C7628A81563}"
	ProjectSection(ProjectDependencies) = postProject
		{795B5F4D-DD92-35B7-9043-B83ECB1BA43A} = {795B5F4D-DD92-35B7-9043-B83ECB1BA43A}
	EndProjectSection
EndProject
Project("{8BC9CEB8-8B4A-11D0-8D11-00A0C91BC942}") = "sage_poe", "src\poe\sage_poe.vcxproj", "{37D8063E-EC72-39BD-B615-18A20E2E093E}"
	ProjectSection(ProjectDependencies) = postProject
		{795B5F4D-DD92-35B7-9043-B83ECB1BA43A} = {795B5F4D-DD92-35B7-9043-B83ECB1BA43A}
	EndProjectSection
EndProject
Project("{8BC9CEB8-8B4A-11D0-8D11-00A0C91BC942}") = "sage_rme", "src\rme\sage_rme.vcxproj", "{D93826B1-E521-334D-A737-291FA761AEEE}"
	ProjectSection(ProjectDependencies) = postProject
		{795B5F4D-DD92-35B7-9043-B83ECB1BA43A} = {795B5F4D-DD92-35B7-9043-B83ECB1BA43A}
	EndProjectSection
EndProject
Project("{8BC9CEB8-8B4A-11D0-8D11-00A0C91BC942}") = "test_audit_durability", "tests\test_audit_durability.vcxproj", "{76C08E4E-3640-31D6-9F80-A8828B555926}"
	ProjectSection(ProjectDependencies) = postProject
		{795B5F4D-DD92-35B7-9043-B83ECB1BA43A} = {795B5F4D-DD92-35B7-9043-B83ECB1BA43A}
	EndProjectSection
EndProject
Project("{8BC9CEB8-8B4A-11D0-8D11-00A0C91BC942}") = "test_core", "tests\test_core.vcxproj", "{F5DB5C20-6CE5-3BEC-8C27-ECBC225B2A29}"
	ProjectSection(ProjectDependencies) = postProject
		{795B5F4D-DD92-35B7-9043-B83ECB1BA43A} = {795B5F4D-DD92-35B7-9043-B83ECB1BA43A}
	EndProjectSection
EndProject
Global
	GlobalSection(SolutionConfigurationPlatforms) = preSolution
		Debug|x64 = Debug|x64
		Release|x64 = Release|x64
		MinSizeRel|x64 = MinSizeRel|x64
		RelWithDebInfo|x64 = RelWithDebInfo|x64
	EndGlobalSection
	GlobalSection(ProjectConfigurationPlatforms) = postSolution
		{FA46EDC9-3685-3BB5-B5FE-3810D7DD2EC7}.Debug|x64.ActiveCfg = Debug|x64
		{FA46EDC9-3685-3BB5-B5FE-3810D7DD2EC7}.Release|x64.ActiveCfg = Release|x64
		{FA46EDC9-3685-3BB5-B5FE-3810D7DD2EC7}.MinSizeRel|x64.ActiveCfg = MinSizeRel|x64
		{FA46EDC9-3685-3BB5-B5FE-3810D7DD2EC7}.RelWithDebInfo|x64.ActiveCfg = RelWithDebInfo|x64
		{0693A7DB-EDE8-36F4-B91B-8CBF7DD5E7DC}.Debug|x64.ActiveCfg = Debug|x64
		{0693A7DB-EDE8-36F4-B91B-8CBF7DD5E7DC}.Release|x64.ActiveCfg = Release|x64
		{0693A7DB-EDE8-36F4-B91B-8CBF7DD5E7DC}.MinSizeRel|x64.ActiveCfg = MinSizeRel|x64
		{0693A7DB-EDE8-36F4-B91B-8CBF7DD5E7DC}.RelWithDebInfo|x64.ActiveCfg = RelWithDebInfo|x64
		{795B5F4D-DD92-35B7-9043-B83ECB1BA43A}.Debug|x64.ActiveCfg = Debug|x64
		{795B5F4D-DD92-35B7-9043-B83ECB1BA43A}.Debug|x64.Build.0 = Debug|x64
		{795B5F4D-DD92-35B7-9043-B83ECB1BA43A}.Release|x64.ActiveCfg = Release|x64
		{795B5F4D-DD92-35B7-9043-B83ECB1BA43A}.Release|x64.Build.0 = Release|x64
		{795B5F4D-DD92-35B7-9043-B83ECB1BA43A}.MinSizeRel|x64.ActiveCfg = MinSizeRel|x64
		{795B5F4D-DD92-35B7-9043-B83ECB1BA43A}.MinSizeRel|x64.Build.0 = MinSizeRel|x64
		{795B5F4D-DD92-35B7-9043-B83ECB1BA43A}.RelWithDebInfo|x64.ActiveCfg = RelWithDebInfo|x64
		{795B5F4D-DD92-35B7-9043-B83ECB1BA43A}.RelWithDebInfo|x64.Build.0 = RelWithDebInfo|x64
		{4C605809-A2E7-34FE-BB65-6FF375BC44E0}.Debug|x64.ActiveCfg = Debug|x64
		{4C605809-A2E7-34FE-BB65-6FF375BC44E0}.Debug|x64.Build.0 = Debug|x64
		{4C605809-A2E7-34FE-BB65-6FF375BC44E0}.Release|x64.ActiveCfg = Release|x64
		{4C605809-A2E7-34FE-BB65-6FF375BC44E0}.Release|x64.Build.0 = Release|x64
		{4C605809-A2E7-34FE-BB65-6FF375BC44E0}.MinSizeRel|x64.ActiveCfg = MinSizeRel|x64
		{4C605809-A2E7-34FE-BB65-6FF375BC44E0}.MinSizeRel|x64.Build.0 = MinSizeRel|x64
		{4C605809-A2E7-34FE-BB65-6FF375BC44E0}.RelWithDebInfo|x64.ActiveCfg = RelWithDebInfo|x64
		{4C605809-A2E7-34FE-BB65-6FF375BC44E0}.RelWithDebInfo|x64.Build.0 = RelWithDebInfo|x64
		{AF035910-68B5-3AC9-9993-BE90CD16F38A}.Debug|x64.ActiveCfg = Debug|x64
		{AF035910-68B5-3AC9-9993-BE90CD16F38A}.Debug|x64.Build.0 = Debug|x64
		{AF035910-68B5-3AC9-9993-BE90CD16F38A}.Release|x64.ActiveCfg = Release|x64
		{AF035910-68B5-3AC9-9993-BE90CD16F38A}.Release|x64.Build.0 = Release|x64
		{AF035910-68B5-3AC9-9993-BE90CD16F38A}.MinSizeRel|x64.ActiveCfg = MinSizeRel|x64
		{AF035910-68B5-3AC9-9993-BE90CD16F38A}.MinSizeRel|x64.Build.0 = MinSizeRel|x64
		{AF035910-68B5-3AC9-9993-BE90CD16F38A}.RelWithDebInfo|x64.ActiveCfg = RelWithDebInfo|x64
		{AF035910-68B5-3AC9-9993-BE90CD16F38A}.RelWithDebInfo|x64.Build.0 = RelWithDebInfo|x64
		{74513DED-2364-33D0-846E-6C7628A81563}.Debug|x64.ActiveCfg = Debug|x64
		{74513DED-2364-33D0-846E-6C7628A81563}.Debug|x64.Build.0 = Debug|x64
		{74513DED-2364-33D0-846E-6C7628A81563}.Release|x64.ActiveCfg = Release|x64
		{74513DED-2364-33D0-846E-6C7628A81563}.Release|x64.Build.0 = Release|x64
		{74513DED-2364-33D0-846E-6C7628A81563}.MinSizeRel|x64.ActiveCfg = MinSizeRel|x64
		{74513DED-2364-33D0-846E-6C7628A81563}.MinSizeRel|x64.Build.0 = MinSizeRel|x64
		{74513DED-2364-33D0-846E-6C7628A81563}.RelWithDebInfo|x64.ActiveCfg = RelWithDebInfo|x64
		{74513DED-2364-33D0-846E-6C7628A81563}.RelWithDebInfo|x64.Build.0 = RelWithDebInfo|x64
		{37D8063E-EC72-39BD-B615-18A20E2E093E}.Debug|x64.ActiveCfg = Debug|x64
		{37D8063E-EC72-39BD-B615-18A20E2E093E}.Debug|x64.Build.0 = Debug|x64
		{37D8063E-EC72-39BD-B615-18A20E2E093E}.Release|x64.ActiveCfg = Release|x64
		{37D8063E-EC72-39BD-B615-18A20E2E093E}.Release|x64.Build.0 = Release|x64
		{37D8063E-EC72-39BD-B615-18A20E2E093E}.MinSizeRel|x64.ActiveCfg = MinSizeRel|x64
		{37D8063E-EC72-39BD-B615-18A20E2E093E}.MinSizeRel|x64.Build.0 = MinSizeRel|x64
		{37D8063E-EC72-39BD-B615-18A20E2E093E}.RelWithDebInfo|x64.ActiveCfg = RelWithDebInfo|x64
		{37D8063E-EC72-39BD-B615-18A20E2E093E}.RelWithDebInfo|x64.Build.0 = RelWithDebInfo|x64
		{D93826B1-E521-334D-A737-291FA761AEEE}.Debug|x64.ActiveCfg = Debug|x64
		{D93826B1-E521-334D-A737-291FA761AEEE}.Debug|x64.Build.0 = Debug|x64
		{D93826B1-E521-334D-A737-291FA761AEEE}.Release|x64.ActiveCfg = Release|x64
		{D93826B1-E521-334D-A737-291FA761AEEE}.Release|x64.Build.0 = Release|x64
		{D93826B1-E521-334D-A737-291FA761AEEE}.MinSizeRel|x64.ActiveCfg = MinSizeRel|x64
		{D93826B1-E521-334D-A737-291FA761AEEE}.MinSizeRel|x64.Build.0 = MinSizeRel|x64
		{D93826B1-E521-334D-A737-291FA761AEEE}.RelWithDebInfo|x64.ActiveCfg = RelWithDebInfo|x64
		{D93826B1-E521-334D-A737-291FA761AEEE}.RelWithDebInfo|x64.Build.0 = RelWithDebInfo|x64
		{76C08E4E-3640-31D6-9F80-A8828B555926}.Debug|x64.ActiveCfg = Debug|x64
		{76C08E4E-3640-31D6-9F80-A8828B555926}.Debug|x64.Build.0 = Debug|x64
		{76C08E4E-3640-31D6-9F80-A8828B555926}.Release|x64.ActiveCfg = Release|x64
		{76C08E4E-3640-31D6-9F80-A8828B555926}.Release|x64.Build.0 = Release|x64
		{76C08E4E-3640-31D6-9F80-A8828B555926}.MinSizeRel|x64.ActiveCfg = MinSizeRel|x64
		{76C08E4E-3640-31D6-9F80-A8828B555926}.MinSizeRel|x64.Build.0 = MinSizeRel|x64
		{76C08E4E-3640-31D6-9F80-A8828B555926}.RelWithDebInfo|x64.ActiveCfg = RelWithDebInfo|x64
		{76C08E4E-3640-31D6-9F80-A8828B555926}.RelWithDebInfo|x64.Build.0 = RelWithDebInfo|x64
		{F5DB5C20-6CE5-3BEC-8C27-ECBC225B2A29}.Debug|x64.ActiveCfg = Debug|x64
		{F5DB5C20-6CE5-3BEC-8C27-ECBC225B2A29}.Debug|x64.Build.0 = Debug|x64
		{F5DB5C20-6CE5-3BEC-8C27-ECBC225B2A29}.Release|x64.ActiveCfg = Release|x64
		{F5DB5C20-6CE5-3BEC-8C27-ECBC225B2A29}.Release|x64.Build.0 = Release|x64
		{F5DB5C20-6CE5-3BEC-8C27-ECBC225B2A29}.MinSizeRel|x64.ActiveCfg = MinSizeRel|x64
		{F5DB5C20-6CE5-3BEC-8C27-ECBC225B2A29}.MinSizeRel|x64.Build.0 = MinSizeRel|x64
		{F5DB5C20-6CE5-3BEC-8C27-ECBC225B2A29}.RelWithDebInfo|x64.ActiveCfg = RelWithDebInfo|x64
		{F5DB5C20-6CE5-3BEC-8C27-ECBC225B2A29}.RelWithDebInfo|x64.Build.0 = RelWithDebInfo|x64
	EndGlobalSection
	GlobalSection(ExtensibilityGlobals) = postSolution
		SolutionGuid = {F002B80C-153D-3D7F-A884-460DFF4133A7}
	EndGlobalSection
	GlobalSection(ExtensibilityAddIns) = postSolution
	EndGlobalSection
EndGlobal
